
Microsoft Visual Studio Solution File, Format Version 12.00
Project("{FAE04EC0-301F-11D3-BF4B-00C04F79EFBC}") = "OrchestratR.Core", "OrchestratR.Core\OrchestratR.Core.csproj", "{4F9A5690-2644-4D05-96A1-013909A082CF}"
EndProject
Project("{FAE04EC0-301F-11D3-BF4B-00C04F79EFBC}") = "OrchestratR.Server", "OrchestratR.Server\OrchestratR.Server.csproj", "{F86182D4-082A-452E-A496-743BE14BBB69}"
EndProject
Project("{FAE04EC0-301F-11D3-BF4B-00C04F79EFBC}") = "OrchestratR.ServerManager", "OrchestratR.ServerManager\OrchestratR.ServerManager.csproj", "{0CB2BCAD-8359-4799-A6C1-7510543AA548}"
EndProject
Project("{FAE04EC0-301F-11D3-BF4B-00C04F79EFBC}") = "OrchestratR.Extension.RabbitMq", "OrchestratR.Extension.RabbitMq\OrchestratR.Extension.RabbitMq.csproj", "{0CD54CE4-A589-4076-BA8C-FF53318F387E}"
EndProject
Project("{2150E333-8FDC-42A3-9474-1A3956D46DE8}") = "Server", "Server", "{FE1D8421-A478-44EA-831F-A09F3C179C85}"
EndProject
Project("{2150E333-8FDC-42A3-9474-1A3956D46DE8}") = "ServerManager", "ServerManager", "{EAB54CCA-E9C0-47A3-8BBC-3FDDC3286DD0}"
EndProject
Project("{2150E333-8FDC-42A3-9474-1A3956D46DE8}") = "Samples", "Samples", "{7534AD7C-A53B-4435-8E7E-E02230934A96}"
EndProject
Project("{FAE04EC0-301F-11D3-BF4B-00C04F79EFBC}") = "OrchestratR.ServerManager.Domain", "OrchestratR.ServerManager.Domain\OrchestratR.ServerManager.Domain.csproj", "{B0241495-EB8D-4FEB-B460-F71FA7EF2E56}"
EndProject
Project("{FAE04EC0-301F-11D3-BF4B-00C04F79EFBC}") = "OrchestratR.ServerManager.Persistence", "OrchestratR.ServerManager.Persistence\OrchestratR.ServerManager.Persistence.csproj", "{E35061D8-0A4C-495E-8C4F-A19D63BA7573}"
EndProject
Project("{2150E333-8FDC-42A3-9474-1A3956D46DE8}") = "Extensions", "Extensions", "{91874AED-B018-42EF-97F9-DD664C0E5A5E}"
EndProject
Project("{FAE04EC0-301F-11D3-BF4B-00C04F79EFBC}") = "OrchestratR.ServerManager.Persistence.MsSql", "OrchestratR.ServerManager.Persistence.MsSql\OrchestratR.ServerManager.Persistence.MsSql.csproj", "{58D2D081-8C57-43E2-9027-0E778278164C}"
EndProject
Project("{2150E333-8FDC-42A3-9474-1A3956D46DE8}") = "Paging", "Paging", "{610EFE34-A259-48D8-BFEF-945C2442FAF2}"
EndProject
Project("{FAE04EC0-301F-11D3-BF4B-00C04F79EFBC}") = "ServerManager", "Samples\ServerManager\ServerManager.csproj", "{D4B37B51-2890-4997-8108-A3EA33C7DAB1}"
EndProject
Project("{FAE04EC0-301F-11D3-BF4B-00C04F79EFBC}") = "Server", "Samples\Server\Server.csproj", "{33B13325-4DFB-4FD2-A6B3-99344958361F}"
EndProject
Project("{FAE04EC0-301F-11D3-BF4B-00C04F79EFBC}") = "OrchestratR.ServerManager.Persistence.PostgreSql", "OrchestratR.ServerManager.Persistence.PostgreSql\OrchestratR.ServerManager.Persistence.PostgreSql.csproj", "{F8CB5A9E-2E30-42CB-8F27-C25872172A74}"
EndProject
Project("{FAE04EC0-301F-11D3-BF4B-00C04F79EFBC}") = "OrchestratR.ServerManager.Persistence.MySql", "OrchestratR.ServerManager.Persistence.MySql\OrchestratR.ServerManager.Persistence.MySql.csproj", "{30B0B701-A893-4631-AF6A-395FD07DAD9B}"
EndProject
Project("{FAE04EC0-301F-11D3-BF4B-00C04F79EFBC}") = "OrchestratR.ServerManager.Persistence.InMemory", "OrchestratR.ServerManager.Persistence.InMemory\OrchestratR.ServerManager.Persistence.InMemory.csproj", "{C608F9A5-A415-4532-ACA2-BFB3F5BEC9F2}"
EndProject
Global
	GlobalSection(SolutionConfigurationPlatforms) = preSolution
		Debug|Any CPU = Debug|Any CPU
		Release|Any CPU = Release|Any CPU
	EndGlobalSection
	GlobalSection(ProjectConfigurationPlatforms) = postSolution
		{4F9A5690-2644-4D05-96A1-013909A082CF}.Debug|Any CPU.ActiveCfg = Debug|Any CPU
		{4F9A5690-2644-4D05-96A1-013909A082CF}.Debug|Any CPU.Build.0 = Debug|Any CPU
		{4F9A5690-2644-4D05-96A1-013909A082CF}.Release|Any CPU.ActiveCfg = Release|Any CPU
		{4F9A5690-2644-4D05-96A1-013909A082CF}.Release|Any CPU.Build.0 = Release|Any CPU
		{F86182D4-082A-452E-A496-743BE14BBB69}.Debug|Any CPU.ActiveCfg = Debug|Any CPU
		{F86182D4-082A-452E-A496-743BE14BBB69}.Debug|Any CPU.Build.0 = Debug|Any CPU
		{F86182D4-082A-452E-A496-743BE14BBB69}.Release|Any CPU.ActiveCfg = Release|Any CPU
		{F86182D4-082A-452E-A496-743BE14BBB69}.Release|Any CPU.Build.0 = Release|Any CPU
		{0CB2BCAD-8359-4799-A6C1-7510543AA548}.Debug|Any CPU.ActiveCfg = Debug|Any CPU
		{0CB2BCAD-8359-4799-A6C1-7510543AA548}.Debug|Any CPU.Build.0 = Debug|Any CPU
		{0CB2BCAD-8359-4799-A6C1-7510543AA548}.Release|Any CPU.ActiveCfg = Release|Any CPU
		{0CB2BCAD-8359-4799-A6C1-7510543AA548}.Release|Any CPU.Build.0 = Release|Any CPU
		{0CD54CE4-A589-4076-BA8C-FF53318F387E}.Debug|Any CPU.ActiveCfg = Debug|Any CPU
		{0CD54CE4-A589-4076-BA8C-FF53318F387E}.Debug|Any CPU.Build.0 = Debug|Any CPU
		{0CD54CE4-A589-4076-BA8C-FF53318F387E}.Release|Any CPU.ActiveCfg = Release|Any CPU
		{0CD54CE4-A589-4076-BA8C-FF53318F387E}.Release|Any CPU.Build.0 = Release|Any CPU
		{B0241495-EB8D-4FEB-B460-F71FA7EF2E56}.Debug|Any CPU.ActiveCfg = Debug|Any CPU
		{B0241495-EB8D-4FEB-B460-F71FA7EF2E56}.Debug|Any CPU.Build.0 = Debug|Any CPU
		{B0241495-EB8D-4FEB-B460-F71FA7EF2E56}.Release|Any CPU.ActiveCfg = Release|Any CPU
		{B0241495-EB8D-4FEB-B460-F71FA7EF2E56}.Release|Any CPU.Build.0 = Release|Any CPU
		{E35061D8-0A4C-495E-8C4F-A19D63BA7573}.Debug|Any CPU.ActiveCfg = Debug|Any CPU
		{E35061D8-0A4C-495E-8C4F-A19D63BA7573}.Debug|Any CPU.Build.0 = Debug|Any CPU
		{E35061D8-0A4C-495E-8C4F-A19D63BA7573}.Release|Any CPU.ActiveCfg = Release|Any CPU
		{E35061D8-0A4C-495E-8C4F-A19D63BA7573}.Release|Any CPU.Build.0 = Release|Any CPU
		{58D2D081-8C57-43E2-9027-0E778278164C}.Debug|Any CPU.ActiveCfg = Debug|Any CPU
		{58D2D081-8C57-43E2-9027-0E778278164C}.Debug|Any CPU.Build.0 = Debug|Any CPU
		{58D2D081-8C57-43E2-9027-0E778278164C}.Release|Any CPU.ActiveCfg = Release|Any CPU
		{58D2D081-8C57-43E2-9027-0E778278164C}.Release|Any CPU.Build.0 = Release|Any CPU
		{D4B37B51-2890-4997-8108-A3EA33C7DAB1}.Debug|Any CPU.ActiveCfg = Debug|Any CPU
		{D4B37B51-2890-4997-8108-A3EA33C7DAB1}.Debug|Any CPU.Build.0 = Debug|Any CPU
		{D4B37B51-2890-4997-8108-A3EA33C7DAB1}.Release|Any CPU.ActiveCfg = Release|Any CPU
		{D4B37B51-2890-4997-8108-A3EA33C7DAB1}.Release|Any CPU.Build.0 = Release|Any CPU
		{33B13325-4DFB-4FD2-A6B3-99344958361F}.Debug|Any CPU.ActiveCfg = Debug|Any CPU
		{33B13325-4DFB-4FD2-A6B3-99344958361F}.Debug|Any CPU.Build.0 = Debug|Any CPU
		{33B13325-4DFB-4FD2-A6B3-99344958361F}.Release|Any CPU.ActiveCfg = Release|Any CPU
		{33B13325-4DFB-4FD2-A6B3-99344958361F}.Release|Any CPU.Build.0 = Release|Any CPU
		{F8CB5A9E-2E30-42CB-8F27-C25872172A74}.Debug|Any CPU.ActiveCfg = Debug|Any CPU
		{F8CB5A9E-2E30-42CB-8F27-C25872172A74}.Debug|Any CPU.Build.0 = Debug|Any CPU
		{F8CB5A9E-2E30-42CB-8F27-C25872172A74}.Release|Any CPU.ActiveCfg = Release|Any CPU
		{F8CB5A9E-2E30-42CB-8F27-C25872172A74}.Release|Any CPU.Build.0 = Release|Any CPU
		{30B0B701-A893-4631-AF6A-395FD07DAD9B}.Debug|Any CPU.ActiveCfg = Debug|Any CPU
		{30B0B701-A893-4631-AF6A-395FD07DAD9B}.Debug|Any CPU.Build.0 = Debug|Any CPU
		{30B0B701-A893-4631-AF6A-395FD07DAD9B}.Release|Any CPU.ActiveCfg = Release|Any CPU
		{30B0B701-A893-4631-AF6A-395FD07DAD9B}.Release|Any CPU.Build.0 = Release|Any CPU
		{C608F9A5-A415-4532-ACA2-BFB3F5BEC9F2}.Debug|Any CPU.ActiveCfg = Debug|Any CPU
		{C608F9A5-A415-4532-ACA2-BFB3F5BEC9F2}.Debug|Any CPU.Build.0 = Debug|Any CPU
		{C608F9A5-A415-4532-ACA2-BFB3F5BEC9F2}.Release|Any CPU.ActiveCfg = Release|Any CPU
		{C608F9A5-A415-4532-ACA2-BFB3F5BEC9F2}.Release|Any CPU.Build.0 = Release|Any CPU
	EndGlobalSection
	GlobalSection(NestedProjects) = preSolution
		{F86182D4-082A-452E-A496-743BE14BBB69} = {FE1D8421-A478-44EA-831F-A09F3C179C85}
		{0CB2BCAD-8359-4799-A6C1-7510543AA548} = {EAB54CCA-E9C0-47A3-8BBC-3FDDC3286DD0}
		{B0241495-EB8D-4FEB-B460-F71FA7EF2E56} = {EAB54CCA-E9C0-47A3-8BBC-3FDDC3286DD0}
		{E35061D8-0A4C-495E-8C4F-A19D63BA7573} = {EAB54CCA-E9C0-47A3-8BBC-3FDDC3286DD0}
		{0CD54CE4-A589-4076-BA8C-FF53318F387E} = {91874AED-B018-42EF-97F9-DD664C0E5A5E}
		{58D2D081-8C57-43E2-9027-0E778278164C} = {EAB54CCA-E9C0-47A3-8BBC-3FDDC3286DD0}
		{610EFE34-A259-48D8-BFEF-945C2442FAF2} = {EAB54CCA-E9C0-47A3-8BBC-3FDDC3286DD0}
		{D4B37B51-2890-4997-8108-A3EA33C7DAB1} = {7534AD7C-A53B-4435-8E7E-E02230934A96}
		{33B13325-4DFB-4FD2-A6B3-99344958361F} = {7534AD7C-A53B-4435-8E7E-E02230934A96}
		{F8CB5A9E-2E30-42CB-8F27-C25872172A74} = {EAB54CCA-E9C0-47A3-8BBC-3FDDC3286DD0}
		{30B0B701-A893-4631-AF6A-395FD07DAD9B} = {EAB54CCA-E9C0-47A3-8BBC-3FDDC3286DD0}
		{C608F9A5-A415-4532-ACA2-BFB3F5BEC9F2} = {EAB54CCA-E9C0-47A3-8BBC-3FDDC3286DD0}
	EndGlobalSection
EndGlobal
